# This file is automatically @generated by Cargo.
# It is not intended for manual editing.
version = 3

[[package]]
name = "redox_uefi"
version = "0.1.10"
source = "registry+https://github.com/rust-lang/crates.io-index"
checksum = "4143e69d22c9f79fd22cb37859a06af4936741c8ef70b5d6338953717feb68a5"

[[package]]
name = "redox_uefi_alloc"
version = "0.1.10"
source = "registry+https://github.com/rust-lang/crates.io-index"
checksum = "d12654bc506da36550bbd8e77438be985b839afdc98c0956fc7fd10fa9b45022"
dependencies = [
 "redox_uefi",
]

[[package]]
name = "redox_uefi_std"
version = "0.1.9"
source = "registry+https://github.com/rust-lang/crates.io-index"
checksum = "840d29bc961545419851bc0113d8c48dcf58467be017a36b17f12cb9804cabb6"
dependencies = [
 "redox_uefi",
 "redox_uefi_alloc",
]

[[package]]
name = "system76_firmware_smmstore"
version = "1.0.0"
dependencies = [
 "redox_uefi",
 "redox_uefi_std",
]
