# This file is automatically @generated by Cargo.
# It is not intended for manual editing.
version = 3

[[package]]
name = "redox_uefi"
version = "0.1.2"
source = "registry+https://github.com/rust-lang/crates.io-index"
checksum = "9c63a3180c5aba47178029b21c1615fbdf87d2bf682669708ea15e9c71eb8935"

[[package]]
name = "redox_uefi_alloc"
version = "0.1.2"
source = "registry+https://github.com/rust-lang/crates.io-index"
checksum = "524f31a58708b6d0ba2d4e734c1dcf14d287307b09118ff07ef25dd504773c7c"
dependencies = [
 "redox_uefi",
]

[[package]]
name = "redox_uefi_std"
version = "0.1.5"
source = "registry+https://github.com/rust-lang/crates.io-index"
checksum = "32a520781d9bb97c9802dd196e7a550fafaeea62d94b2351422c3424981d3a2d"
dependencies = [
 "redox_uefi",
 "redox_uefi_alloc",
]

[[package]]
name = "rlibc"
version = "1.0.0"
source = "registry+https://github.com/rust-lang/crates.io-index"
checksum = "fc874b127765f014d792f16763a81245ab80500e2ad921ed4ee9e82481ee08fe"

[[package]]
name = "system76_firmware_smmstore"
version = "1.0.0"
dependencies = [
 "redox_uefi",
 "redox_uefi_std",
 "rlibc",
]
